Microsoft Visual Studio Solution File, Format Version 11.00
# Visual Studio 2008

Project("{60A78F31-E591-339C-5959-73E1FCEAF4A1}") = "SanguoClient", "Assembly-CSharp.csproj", "{94B7F5B3-4980-D677-3A3D-7D0F9FD981C8}"
EndProject
Project("{60A78F31-E591-339C-5959-73E1FCEAF4A1}") = "SanguoClient", "Assembly-CSharp-Editor.csproj", "{35CB66AB-8C12-CB53-12C0-85D33BF42545}"
EndProject
Global
	GlobalSection(SolutionConfigurationPlatforms) = preSolution
		Debug|Any CPU = Debug|Any CPU
		Release|Any CPU = Release|Any CPU
	EndGlobalSection
	GlobalSection(ProjectConfigurationPlatforms) = postSolution
		{94B7F5B3-4980-D677-3A3D-7D0F9FD981C8}.Debug|Any CPU.ActiveCfg = Debug|Any CPU
		{94B7F5B3-4980-D677-3A3D-7D0F9FD981C8}.Debug|Any CPU.Build.0 = Debug|Any CPU
		{94B7F5B3-4980-D677-3A3D-7D0F9FD981C8}.Release|Any CPU.ActiveCfg = Release|Any CPU
		{94B7F5B3-4980-D677-3A3D-7D0F9FD981C8}.Release|Any CPU.Build.0 = Release|Any CPU
		{35CB66AB-8C12-CB53-12C0-85D33BF42545}.Debug|Any CPU.ActiveCfg = Debug|Any CPU
		{35CB66AB-8C12-CB53-12C0-85D33BF42545}.Debug|Any CPU.Build.0 = Debug|Any CPU
		{35CB66AB-8C12-CB53-12C0-85D33BF42545}.Release|Any CPU.ActiveCfg = Release|Any CPU
		{35CB66AB-8C12-CB53-12C0-85D33BF42545}.Release|Any CPU.Build.0 = Release|Any CPU
	EndGlobalSection
	GlobalSection(SolutionProperties) = preSolution
		HideSolutionNode = FALSE
	EndGlobalSection
																																																																			GlobalSection(MonoDevelopProperties) = preSolution
		StartupItem = Assembly-CSharp.csproj
		Policies = $0
		$0.TextStylePolicy = $1
		$1.inheritsSet = null
		$1.scope = text/x-csharp
		$0.CSharpFormattingPolicy = $2
		$2.inheritsSet = Mono
		$2.inheritsScope = text/x-csharp
		$2.scope = text/x-csharp
		$0.TextStylePolicy = $3
		$3.FileWidth = 120
		$3.TabWidth = 4
		$3.EolMarker = Unix
		$3.inheritsSet = Mono
		$3.inheritsScope = text/plain
		$3.scope = text/plain
	EndGlobalSection

EndGlobal
